
Microsoft Visual Studio Solution File, Format Version 12.00
# Visual Studio 15
VisualStudioVersion = 15.0.28307.421
MinimumVisualStudioVersion = 10.0.40219.1
Project("{E24C65DC-7377-472B-9ABA-BC803B73C61A}") = "POS(1)", "http://localhost:2051", "{42220C1A-7C0F-407F-8C70-962F1901D777}"
	ProjectSection(WebsiteProperties) = preProject
		UseIISExpress = "true"
		TargetFrameworkMoniker = ".NETFramework,Version%3Dv4.0"
		Debug.AspNetCompiler.VirtualPath = "/localhost_2051"
		Debug.AspNetCompiler.PhysicalPath = "..\POS\"
		Debug.AspNetCompiler.TargetPath = "PrecompiledWeb\localhost_2051\"
		Debug.AspNetCompiler.Updateable = "true"
		Debug.AspNetCompiler.ForceOverwrite = "true"
		Debug.AspNetCompiler.FixedNames = "false"
		Debug.AspNetCompiler.Debug = "True"
		Release.AspNetCompiler.VirtualPath = "/localhost_2051"
		Release.AspNetCompiler.PhysicalPath = "..\POS\"
		Release.AspNetCompiler.TargetPath = "PrecompiledWeb\localhost_2051\"
		Release.AspNetCompiler.Updateable = "true"
		Release.AspNetCompiler.ForceOverwrite = "true"
		Release.AspNetCompiler.FixedNames = "false"
		Release.AspNetCompiler.Debug = "False"
		SlnRelativePath = "..\POS\"
	EndProjectSection
EndProject
Global
	GlobalSection(SolutionConfigurationPlatforms) = preSolution
		Debug|Any CPU = Debug|Any CPU
	EndGlobalSection
	GlobalSection(ProjectConfigurationPlatforms) = postSolution
		{42220C1A-7C0F-407F-8C70-962F1901D777}.Debug|Any CPU.ActiveCfg = Debug|Any CPU
		{42220C1A-7C0F-407F-8C70-962F1901D777}.Debug|Any CPU.Build.0 = Debug|Any CPU
	EndGlobalSection
	GlobalSection(SolutionProperties) = preSolution
		HideSolutionNode = FALSE
	EndGlobalSection
	GlobalSection(ExtensibilityGlobals) = postSolution
		SolutionGuid = {1F970B13-C329-4CD1-82FA-759576817BC2}
	EndGlobalSection
EndGlobal
